
Microsoft Visual Studio Solution File, Format Version 12.00
# Visual Studio Version 17
VisualStudioVersion = 17.1.32210.238
MinimumVisualStudioVersion = 10.0.40219.1
Project("{FAE04EC0-301F-11D3-BF4B-00C04F79EFBC}") = "WpfApp19", "WpfApp19\WpfApp19.csproj", "{ED47A5CD-9F46-4C1E-BB11-68B8C92DEF05}"
EndProject
Global
	GlobalSection(SolutionConfigurationPlatforms) = preSolution
		Debug|Any CPU = Debug|Any CPU
		Debug|x64 = Debug|x64
		Release|Any CPU = Release|Any CPU
		Release|x64 = Release|x64
	EndGlobalSection
	GlobalSection(ProjectConfigurationPlatforms) = postSolution
		{ED47A5CD-9F46-4C1E-BB11-68B8C92DEF05}.Debug|Any CPU.ActiveCfg = Debug|Any CPU
		{ED47A5CD-9F46-4C1E-BB11-68B8C92DEF05}.Debug|Any CPU.Build.0 = Debug|Any CPU
		{ED47A5CD-9F46-4C1E-BB11-68B8C92DEF05}.Debug|x64.ActiveCfg = Debug|x64
		{ED47A5CD-9F46-4C1E-BB11-68B8C92DEF05}.Debug|x64.Build.0 = Debug|x64
		{ED47A5CD-9F46-4C1E-BB11-68B8C92DEF05}.Release|Any CPU.ActiveCfg = Release|Any CPU
		{ED47A5CD-9F46-4C1E-BB11-68B8C92DEF05}.Release|Any CPU.Build.0 = Release|Any CPU
		{ED47A5CD-9F46-4C1E-BB11-68B8C92DEF05}.Release|x64.ActiveCfg = Release|x64
		{ED47A5CD-9F46-4C1E-BB11-68B8C92DEF05}.Release|x64.Build.0 = Release|x64
	EndGlobalSection
	GlobalSection(SolutionProperties) = preSolution
		HideSolutionNode = FALSE
	EndGlobalSection
	GlobalSection(ExtensibilityGlobals) = postSolution
		SolutionGuid = {5770BB9A-CEDE-42D0-9615-5A1675F4816F}
	EndGlobalSection
EndGlobal
